
Microsoft Visual Studio Solution File, Format Version 12.00
# Visual Studio Version 17
VisualStudioVersion = 17.3.32811.315
MinimumVisualStudioVersion = 10.0.40219.1
Project("{FAE04EC0-301F-11D3-BF4B-00C04F79EFBC}") = "CwkSocial.Api", "CwkSocial.Api\CwkSocial.Api.csproj", "{6C37149D-F486-4B85-B528-228E23DFF526}"
EndProject
Project("{FAE04EC0-301F-11D3-BF4B-00C04F79EFBC}") = "CwkSocial.Domain", "CwkSocial.Domain\CwkSocial.Domain.csproj", "{94D72646-15D8-4AF3-AFDC-EDEBA6E44E04}"
EndProject
Project("{FAE04EC0-301F-11D3-BF4B-00C04F79EFBC}") = "CwkSocial.Application", "CwkSocial.Application\CwkSocial.Application.csproj", "{A3E1003B-A9BC-4673-B39B-C604EFFB6B8F}"
EndProject
Project("{FAE04EC0-301F-11D3-BF4B-00C04F79EFBC}") = "CwkSocial.Dal", "CwkSocial.Dal\CwkSocial.Dal.csproj", "{A19E904A-5621-4864-80A1-B89FEE6B9B56}"
EndProject
Global
	GlobalSection(SolutionConfigurationPlatforms) = preSolution
		Debug|Any CPU = Debug|Any CPU
		Release|Any CPU = Release|Any CPU
	EndGlobalSection
	GlobalSection(ProjectConfigurationPlatforms) = postSolution
		{6C37149D-F486-4B85-B528-228E23DFF526}.Debug|Any CPU.ActiveCfg = Debug|Any CPU
		{6C37149D-F486-4B85-B528-228E23DFF526}.Debug|Any CPU.Build.0 = Debug|Any CPU
		{6C37149D-F486-4B85-B528-228E23DFF526}.Release|Any CPU.ActiveCfg = Release|Any CPU
		{6C37149D-F486-4B85-B528-228E23DFF526}.Release|Any CPU.Build.0 = Release|Any CPU
		{94D72646-15D8-4AF3-AFDC-EDEBA6E44E04}.Debug|Any CPU.ActiveCfg = Debug|Any CPU
		{94D72646-15D8-4AF3-AFDC-EDEBA6E44E04}.Debug|Any CPU.Build.0 = Debug|Any CPU
		{94D72646-15D8-4AF3-AFDC-EDEBA6E44E04}.Release|Any CPU.ActiveCfg = Release|Any CPU
		{94D72646-15D8-4AF3-AFDC-EDEBA6E44E04}.Release|Any CPU.Build.0 = Release|Any CPU
		{A3E1003B-A9BC-4673-B39B-C604EFFB6B8F}.Debug|Any CPU.ActiveCfg = Debug|Any CPU
		{A3E1003B-A9BC-4673-B39B-C604EFFB6B8F}.Debug|Any CPU.Build.0 = Debug|Any CPU
		{A3E1003B-A9BC-4673-B39B-C604EFFB6B8F}.Release|Any CPU.ActiveCfg = Release|Any CPU
		{A3E1003B-A9BC-4673-B39B-C604EFFB6B8F}.Release|Any CPU.Build.0 = Release|Any CPU
		{A19E904A-5621-4864-80A1-B89FEE6B9B56}.Debug|Any CPU.ActiveCfg = Debug|Any CPU
		{A19E904A-5621-4864-80A1-B89FEE6B9B56}.Debug|Any CPU.Build.0 = Debug|Any CPU
		{A19E904A-5621-4864-80A1-B89FEE6B9B56}.Release|Any CPU.ActiveCfg = Release|Any CPU
		{A19E904A-5621-4864-80A1-B89FEE6B9B56}.Release|Any CPU.Build.0 = Release|Any CPU
	EndGlobalSection
	GlobalSection(SolutionProperties) = preSolution
		HideSolutionNode = FALSE
	EndGlobalSection
	GlobalSection(ExtensibilityGlobals) = postSolution
		SolutionGuid = {4EF7F149-D962-4D51-94AE-9C6ADCC5B887}
	EndGlobalSection
EndGlobal
